schema: '2.0'
stages:
  generate_data:
    cmd: python generate_data.py
    deps:
    - path: generate_data.py
      md5: 9f2b32bbfa212339f94f2decff520815
      size: 2673
  upload_file:
    cmd: dvc push -r aws
    deps:
    - path: data/dummy_sensor_data.csv
      hash: md5
      md5: a23d2c37ef70724b98fc2149fb09516e
      size: 120593
  fetch_file:
    cmd: dvc pull -r aws
